
Microsoft Visual Studio Solution File, Format Version 12.00
# Visual Studio Version 17
VisualStudioVersion = 17.5.33516.290
MinimumVisualStudioVersion = 10.0.40219.1
Project("{FAE04EC0-301F-11D3-BF4B-00C04F79EFBC}") = "LangSkillz", "LangSkillz\LangSkillz.csproj", "{D996C453-956A-485E-9590-544E54352EEF}"
EndProject
Global
	GlobalSection(SolutionConfigurationPlatforms) = preSolution
		Debug|Any CPU = Debug|Any CPU
		Release|Any CPU = Release|Any CPU
	EndGlobalSection
	GlobalSection(ProjectConfigurationPlatforms) = postSolution
		{D996C453-956A-485E-9590-544E54352EEF}.Debug|Any CPU.ActiveCfg = Debug|Any CPU
		{D996C453-956A-485E-9590-544E54352EEF}.Debug|Any CPU.Build.0 = Debug|Any CPU
		{D996C453-956A-485E-9590-544E54352EEF}.Release|Any CPU.ActiveCfg = Release|Any CPU
		{D996C453-956A-485E-9590-544E54352EEF}.Release|Any CPU.Build.0 = Release|Any CPU
	EndGlobalSection
	GlobalSection(SolutionProperties) = preSolution
		HideSolutionNode = FALSE
	EndGlobalSection
	GlobalSection(ExtensibilityGlobals) = postSolution
		SolutionGuid = {923CF0CF-5C59-4452-8EE9-5680720AFB05}
	EndGlobalSection
EndGlobal
